
Microsoft Visual Studio Solution File, Format Version 12.00
# Visual Studio 2012
Project("{FAE04EC0-301F-11D3-BF4B-00C04F79EFBC}") = "Bubbio.Core", "src\Bubbio.Core\Bubbio.Core.csproj", "{112C06A3-C7B1-4B54-B208-87568239289C}"
EndProject
Project("{FAE04EC0-301F-11D3-BF4B-00C04F79EFBC}") = "Bubbio.Core.Tests", "test\Bubbio.Core.Tests\Bubbio.Core.Tests.csproj", "{2760DB29-8D63-4BF5-AEBD-88BED42266F3}"
EndProject
Project("{FAE04EC0-301F-11D3-BF4B-00C04F79EFBC}") = "Bubbio.Domain", "src\Bubbio.Domain\Bubbio.Domain.csproj", "{7B851D25-77C5-4B6C-A34D-7C2DF78A1209}"
EndProject
Project("{FAE04EC0-301F-11D3-BF4B-00C04F79EFBC}") = "Bubbio.Domain.Tests", "test\Bubbio.Domain.Tests\Bubbio.Domain.Tests.csproj", "{7D587548-30FC-46B5-A066-25045EF4B0CD}"
EndProject
Project("{FAE04EC0-301F-11D3-BF4B-00C04F79EFBC}") = "Bubbio.Tests.Core", "test\Bubbio.Tests.Core\Bubbio.Tests.Core.csproj", "{001B3616-EEEF-4519-B85F-AF6F19DF7F71}"
EndProject
Project("{FAE04EC0-301F-11D3-BF4B-00C04F79EFBC}") = "Bubbio.Store.MongoDb", "src\Bubbio.Store.MongoDb\Bubbio.Store.MongoDb.csproj", "{E2DCB62E-5DF9-448A-80A0-BA8837FE8CBF}"
EndProject
Project("{FAE04EC0-301F-11D3-BF4B-00C04F79EFBC}") = "Bubbio.Store.MongoDb.Tests", "test\Bubbio.Store.MongoDb.Tests\Bubbio.Store.MongoDb.Tests.csproj", "{76C09DEC-0118-498F-B8A4-918324FA186B}"
EndProject
Global
	GlobalSection(SolutionConfigurationPlatforms) = preSolution
		Debug|Any CPU = Debug|Any CPU
		Release|Any CPU = Release|Any CPU
	EndGlobalSection
	GlobalSection(ProjectConfigurationPlatforms) = postSolution
		{112C06A3-C7B1-4B54-B208-87568239289C}.Debug|Any CPU.ActiveCfg = Debug|Any CPU
		{112C06A3-C7B1-4B54-B208-87568239289C}.Debug|Any CPU.Build.0 = Debug|Any CPU
		{112C06A3-C7B1-4B54-B208-87568239289C}.Release|Any CPU.ActiveCfg = Release|Any CPU
		{112C06A3-C7B1-4B54-B208-87568239289C}.Release|Any CPU.Build.0 = Release|Any CPU
		{2760DB29-8D63-4BF5-AEBD-88BED42266F3}.Debug|Any CPU.ActiveCfg = Debug|Any CPU
		{2760DB29-8D63-4BF5-AEBD-88BED42266F3}.Debug|Any CPU.Build.0 = Debug|Any CPU
		{2760DB29-8D63-4BF5-AEBD-88BED42266F3}.Release|Any CPU.ActiveCfg = Release|Any CPU
		{2760DB29-8D63-4BF5-AEBD-88BED42266F3}.Release|Any CPU.Build.0 = Release|Any CPU
		{7B851D25-77C5-4B6C-A34D-7C2DF78A1209}.Debug|Any CPU.ActiveCfg = Debug|Any CPU
		{7B851D25-77C5-4B6C-A34D-7C2DF78A1209}.Debug|Any CPU.Build.0 = Debug|Any CPU
		{7B851D25-77C5-4B6C-A34D-7C2DF78A1209}.Release|Any CPU.ActiveCfg = Release|Any CPU
		{7B851D25-77C5-4B6C-A34D-7C2DF78A1209}.Release|Any CPU.Build.0 = Release|Any CPU
		{7D587548-30FC-46B5-A066-25045EF4B0CD}.Debug|Any CPU.ActiveCfg = Debug|Any CPU
		{7D587548-30FC-46B5-A066-25045EF4B0CD}.Debug|Any CPU.Build.0 = Debug|Any CPU
		{7D587548-30FC-46B5-A066-25045EF4B0CD}.Release|Any CPU.ActiveCfg = Release|Any CPU
		{7D587548-30FC-46B5-A066-25045EF4B0CD}.Release|Any CPU.Build.0 = Release|Any CPU
		{001B3616-EEEF-4519-B85F-AF6F19DF7F71}.Debug|Any CPU.ActiveCfg = Debug|Any CPU
		{001B3616-EEEF-4519-B85F-AF6F19DF7F71}.Debug|Any CPU.Build.0 = Debug|Any CPU
		{001B3616-EEEF-4519-B85F-AF6F19DF7F71}.Release|Any CPU.ActiveCfg = Release|Any CPU
		{001B3616-EEEF-4519-B85F-AF6F19DF7F71}.Release|Any CPU.Build.0 = Release|Any CPU
		{E2DCB62E-5DF9-448A-80A0-BA8837FE8CBF}.Debug|Any CPU.ActiveCfg = Debug|Any CPU
		{E2DCB62E-5DF9-448A-80A0-BA8837FE8CBF}.Debug|Any CPU.Build.0 = Debug|Any CPU
		{E2DCB62E-5DF9-448A-80A0-BA8837FE8CBF}.Release|Any CPU.ActiveCfg = Release|Any CPU
		{E2DCB62E-5DF9-448A-80A0-BA8837FE8CBF}.Release|Any CPU.Build.0 = Release|Any CPU
		{76C09DEC-0118-498F-B8A4-918324FA186B}.Debug|Any CPU.ActiveCfg = Debug|Any CPU
		{76C09DEC-0118-498F-B8A4-918324FA186B}.Debug|Any CPU.Build.0 = Debug|Any CPU
		{76C09DEC-0118-498F-B8A4-918324FA186B}.Release|Any CPU.ActiveCfg = Release|Any CPU
		{76C09DEC-0118-498F-B8A4-918324FA186B}.Release|Any CPU.Build.0 = Release|Any CPU
	EndGlobalSection
EndGlobal
